
Microsoft Visual Studio Solution File, Format Version 12.00
# Visual Studio Version 17
VisualStudioVersion = 17.5.33424.131
MinimumVisualStudioVersion = 10.0.40219.1
Project("{54A90642-561A-4BB1-A94E-469ADEE60C69}") = "vueapp", "Core\vueapp\vueapp.esproj", "{488269B0-2A15-41D3-91C4-AC0682AB7ABB}"
EndProject
Project("{9A19103F-16F7-4668-BE54-9A1E7A4F7556}") = "webapi", "Core\webapi\webapi.csproj", "{0ED76A19-22AB-4E6D-B989-ADCAC42FDD33}"
EndProject
Project("{9A19103F-16F7-4668-BE54-9A1E7A4F7556}") = "Domain", "Domain\Domain.csproj", "{803426E4-9F7F-4681-934D-2BC6F256CEF8}"
EndProject
Project("{9A19103F-16F7-4668-BE54-9A1E7A4F7556}") = "DAL", "DAL\DAL.csproj", "{42BE335F-5B1E-4BF7-AB91-7FD1BBC8E1D6}"
EndProject
Project("{9A19103F-16F7-4668-BE54-9A1E7A4F7556}") = "Service", "Service\Service.csproj", "{EE88935F-C37D-4258-AB62-6A596B5F47FC}"
EndProject
Project("{FAE04EC0-301F-11D3-BF4B-00C04F79EFBC}") = "ConsoleApp1", "ConsoleApp1\ConsoleApp1.csproj", "{013EA066-7A5D-467D-A2DF-649659D95E11}"
EndProject
Global
	GlobalSection(SolutionConfigurationPlatforms) = preSolution
		Debug|Any CPU = Debug|Any CPU
		Release|Any CPU = Release|Any CPU
	EndGlobalSection
	GlobalSection(ProjectConfigurationPlatforms) = postSolution
		{488269B0-2A15-41D3-91C4-AC0682AB7ABB}.Debug|Any CPU.ActiveCfg = Debug|Any CPU
		{488269B0-2A15-41D3-91C4-AC0682AB7ABB}.Debug|Any CPU.Build.0 = Debug|Any CPU
		{488269B0-2A15-41D3-91C4-AC0682AB7ABB}.Debug|Any CPU.Deploy.0 = Debug|Any CPU
		{488269B0-2A15-41D3-91C4-AC0682AB7ABB}.Release|Any CPU.ActiveCfg = Release|Any CPU
		{488269B0-2A15-41D3-91C4-AC0682AB7ABB}.Release|Any CPU.Build.0 = Release|Any CPU
		{488269B0-2A15-41D3-91C4-AC0682AB7ABB}.Release|Any CPU.Deploy.0 = Release|Any CPU
		{0ED76A19-22AB-4E6D-B989-ADCAC42FDD33}.Debug|Any CPU.ActiveCfg = Debug|Any CPU
		{0ED76A19-22AB-4E6D-B989-ADCAC42FDD33}.Debug|Any CPU.Build.0 = Debug|Any CPU
		{0ED76A19-22AB-4E6D-B989-ADCAC42FDD33}.Release|Any CPU.ActiveCfg = Release|Any CPU
		{0ED76A19-22AB-4E6D-B989-ADCAC42FDD33}.Release|Any CPU.Build.0 = Release|Any CPU
		{803426E4-9F7F-4681-934D-2BC6F256CEF8}.Debug|Any CPU.ActiveCfg = Debug|Any CPU
		{803426E4-9F7F-4681-934D-2BC6F256CEF8}.Debug|Any CPU.Build.0 = Debug|Any CPU
		{803426E4-9F7F-4681-934D-2BC6F256CEF8}.Release|Any CPU.ActiveCfg = Release|Any CPU
		{803426E4-9F7F-4681-934D-2BC6F256CEF8}.Release|Any CPU.Build.0 = Release|Any CPU
		{42BE335F-5B1E-4BF7-AB91-7FD1BBC8E1D6}.Debug|Any CPU.ActiveCfg = Debug|Any CPU
		{42BE335F-5B1E-4BF7-AB91-7FD1BBC8E1D6}.Debug|Any CPU.Build.0 = Debug|Any CPU
		{42BE335F-5B1E-4BF7-AB91-7FD1BBC8E1D6}.Release|Any CPU.ActiveCfg = Release|Any CPU
		{42BE335F-5B1E-4BF7-AB91-7FD1BBC8E1D6}.Release|Any CPU.Build.0 = Release|Any CPU
		{EE88935F-C37D-4258-AB62-6A596B5F47FC}.Debug|Any CPU.ActiveCfg = Debug|Any CPU
		{EE88935F-C37D-4258-AB62-6A596B5F47FC}.Debug|Any CPU.Build.0 = Debug|Any CPU
		{EE88935F-C37D-4258-AB62-6A596B5F47FC}.Release|Any CPU.ActiveCfg = Release|Any CPU
		{EE88935F-C37D-4258-AB62-6A596B5F47FC}.Release|Any CPU.Build.0 = Release|Any CPU
		{013EA066-7A5D-467D-A2DF-649659D95E11}.Debug|Any CPU.ActiveCfg = Debug|Any CPU
		{013EA066-7A5D-467D-A2DF-649659D95E11}.Debug|Any CPU.Build.0 = Debug|Any CPU
		{013EA066-7A5D-467D-A2DF-649659D95E11}.Release|Any CPU.ActiveCfg = Release|Any CPU
		{013EA066-7A5D-467D-A2DF-649659D95E11}.Release|Any CPU.Build.0 = Release|Any CPU
	EndGlobalSection
	GlobalSection(SolutionProperties) = preSolution
		HideSolutionNode = FALSE
	EndGlobalSection
	GlobalSection(ExtensibilityGlobals) = postSolution
		SolutionGuid = {7606AFAB-1D68-4C4F-916A-C5732AA6888A}
	EndGlobalSection
EndGlobal
